
Microsoft Visual Studio Solution File, Format Version 12.00
# Visual Studio Version 16
VisualStudioVersion = 16.0.810.19
MinimumVisualStudioVersion = 10.0.40219.1
Project("{FAE04EC0-301F-11D3-BF4B-00C04F79EFBC}") = "trycatchPratik", "trycatchPratik.csproj", "{FFBB547B-05FE-4584-8040-3D9D1ECD6434}"
EndProject
Global
	GlobalSection(SolutionConfigurationPlatforms) = preSolution
		Debug|Any CPU = Debug|Any CPU
		Release|Any CPU = Release|Any CPU
	EndGlobalSection
	GlobalSection(ProjectConfigurationPlatforms) = postSolution
		{FFBB547B-05FE-4584-8040-3D9D1ECD6434}.Debug|Any CPU.ActiveCfg = Debug|Any CPU
		{FFBB547B-05FE-4584-8040-3D9D1ECD6434}.Debug|Any CPU.Build.0 = Debug|Any CPU
		{FFBB547B-05FE-4584-8040-3D9D1ECD6434}.Release|Any CPU.ActiveCfg = Release|Any CPU
		{FFBB547B-05FE-4584-8040-3D9D1ECD6434}.Release|Any CPU.Build.0 = Release|Any CPU
	EndGlobalSection
	GlobalSection(SolutionProperties) = preSolution
		HideSolutionNode = FALSE
	EndGlobalSection
	GlobalSection(ExtensibilityGlobals) = postSolution
		SolutionGuid = {4AD8B862-8AFA-44E3-98BE-DE757A8473C0}
	EndGlobalSection
EndGlobal
